Microsoft Visual Studio Solution File, Format Version 12.00
# Visual Studio Version 17
VisualStudioVersion = 17.5.2.0
MinimumVisualStudioVersion = 10.0.40219.1
Project("{FAE04EC0-301F-11D3-BF4B-00C04F79EFBC}") = "MDFeApi", "MDFe.Api\MDFeApi.csproj", "{064FF9EF-8245-4022-B826-92289B806574}"
EndProject
Global
	GlobalSection(SolutionConfigurationPlatforms) = preSolution
		Debug|Any CPU = Debug|Any CPU
		Release|Any CPU = Release|Any CPU
	EndGlobalSection
	GlobalSection(ProjectConfigurationPlatforms) = postSolution
		{064FF9EF-8245-4022-B826-92289B806574}.Debug|Any CPU.ActiveCfg = Debug|Any CPU
		{064FF9EF-8245-4022-B826-92289B806574}.Debug|Any CPU.Build.0 = Debug|Any CPU
		{064FF9EF-8245-4022-B826-92289B806574}.Release|Any CPU.ActiveCfg = Release|Any CPU
		{064FF9EF-8245-4022-B826-92289B806574}.Release|Any CPU.Build.0 = Release|Any CPU
	EndGlobalSection
	GlobalSection(SolutionProperties) = preSolution
		HideSolutionNode = FALSE
	EndGlobalSection
	GlobalSection(ExtensibilityGlobals) = postSolution
		SolutionGuid = {4AA62978-4E70-481B-A04C-C553D052E68E}
	EndGlobalSection
EndGlobal
